
Microsoft Visual Studio Solution File, Format Version 12.00
# Visual Studio 15
Project("{FAE04EC0-301F-11D3-BF4B-00C04F79EFBC}") = "Assembly-CSharp", "Assembly-CSharp.csproj", "{B8306ED3-AB79-75D6-88A8-3438C8E37DBA}"
EndProject
Project("{FAE04EC0-301F-11D3-BF4B-00C04F79EFBC}") = "Assembly-CSharp-Editor", "Assembly-CSharp-Editor.csproj", "{14C6AD28-0DF9-B1B6-A7A3-D23559FC6BBE}"
EndProject
Global
	GlobalSection(SolutionConfigurationPlatforms) = preSolution
		Debug|Any CPU = Debug|Any CPU
		Release|Any CPU = Release|Any CPU
	EndGlobalSection
	GlobalSection(ProjectConfigurationPlatforms) = postSolution
		{B8306ED3-AB79-75D6-88A8-3438C8E37DBA}.Debug|Any CPU.ActiveCfg = Debug|Any CPU
		{B8306ED3-AB79-75D6-88A8-3438C8E37DBA}.Debug|Any CPU.Build.0 = Debug|Any CPU
		{B8306ED3-AB79-75D6-88A8-3438C8E37DBA}.Release|Any CPU.ActiveCfg = Release|Any CPU
		{B8306ED3-AB79-75D6-88A8-3438C8E37DBA}.Release|Any CPU.Build.0 = Release|Any CPU
		{14C6AD28-0DF9-B1B6-A7A3-D23559FC6BBE}.Debug|Any CPU.ActiveCfg = Debug|Any CPU
		{14C6AD28-0DF9-B1B6-A7A3-D23559FC6BBE}.Debug|Any CPU.Build.0 = Debug|Any CPU
		{14C6AD28-0DF9-B1B6-A7A3-D23559FC6BBE}.Release|Any CPU.ActiveCfg = Release|Any CPU
		{14C6AD28-0DF9-B1B6-A7A3-D23559FC6BBE}.Release|Any CPU.Build.0 = Release|Any CPU
	EndGlobalSection
	GlobalSection(SolutionProperties) = preSolution
		HideSolutionNode = FALSE
	EndGlobalSection
EndGlobal
